# THIS IS AN AUTOGENERATED FILE. DO NOT EDIT THIS FILE DIRECTLY.
# yarn lockfile v1


fs-readdir-recursive@^1.0.0:
  version "1.0.0"
  resolved "https://registry.yarnpkg.com/fs-readdir-recursive/-/fs-readdir-recursive-1.0.0.tgz#8cd1745c8b4f8a29c8caec392476921ba195f560"

jquery@^3.1.1:
  version "3.1.1"
  resolved "https://registry.yarnpkg.com/jquery/-/jquery-3.1.1.tgz#347c1c21c7e004115e0a4da32cece041fad3c8a3"

rivescript@^1.17.2:
  version "1.17.2"
  resolved "https://registry.yarnpkg.com/rivescript/-/rivescript-1.17.2.tgz#1e42f020413be9be8a78546f2642be8965b096ce"
  dependencies:
    fs-readdir-recursive "^1.0.0"
    rsvp "^3.1.0"

rsvp@^3.1.0:
  version "3.3.3"
  resolved "https://registry.yarnpkg.com/rsvp/-/rsvp-3.3.3.tgz#34633caaf8bc66ceff4be3c2e1dffd032538a813"
